
Microsoft Visual Studio Solution File, Format Version 12.00
# Visual Studio 15
Project("{FAE04EC0-301F-11D3-BF4B-00C04F79EFBC}") = "LexPlatform.Client", "LexPlatform.Client\LexPlatform.Client.csproj", "{A864624F-8BC3-4283-9D0D-A4A767FCAACB}"
EndProject
Global
	GlobalSection(SolutionConfigurationPlatforms) = preSolution
		Debug|Any CPU = Debug|Any CPU
		Release|Any CPU = Release|Any CPU
	EndGlobalSection
	GlobalSection(ProjectConfigurationPlatforms) = postSolution
		{A864624F-8BC3-4283-9D0D-A4A767FCAACB}.Debug|Any CPU.ActiveCfg = Debug|Any CPU
		{A864624F-8BC3-4283-9D0D-A4A767FCAACB}.Debug|Any CPU.Build.0 = Debug|Any CPU
		{A864624F-8BC3-4283-9D0D-A4A767FCAACB}.Release|Any CPU.ActiveCfg = Release|Any CPU
		{A864624F-8BC3-4283-9D0D-A4A767FCAACB}.Release|Any CPU.Build.0 = Release|Any CPU
	EndGlobalSection
EndGlobal
